<?xml version="1.0" encoding="utf-8"?>
<Project ToolsVersion="4.0" xmlns="http://schemas.microsoft.com/developer/msbuild/2003">
  <ItemGroup>
    <Filter Include="Source Files">
      <UniqueIdentifier>{4FC737F1-C7A5-4376-A066-2A32D752A2FF}</UniqueIdentifier>
      <Extensions>cpp;c;cc;cxx;c++;cppm;ixx;def;odl;idl;hpj;bat;asm;asmx</Extensions>
    </Filter>
    <Filter Include="Header Files">
      <UniqueIdentifier>{93995380-89BD-4b04-88EB-625FBE52EBFB}</UniqueIdentifier>
      <Extensions>h;hh;hpp;hxx;h++;hm;inl;inc;ipp;xsd</Extensions>
    </Filter>
  </ItemGroup>
  <ItemGroup>
    <ClCompile Include="src\TestVector.cpp">
      <Filter>Source Files</Filter>
    </ClCompile>
    <ClCompile Include="pch.cpp">
      <Filter>Source Files</Filter>
    </ClCompile>
    <ClCompile Include="src\TestImageLoader.cpp">
      <Filter>Source Files</Filter>
    </ClCompile>
    <ClCompile Include="src\TestFreeNumberList.cpp">
      <Filter>Source Files</Filter>
    </ClCompile>
    <ClCompile Include="src\TestCamera.cpp">
      <Filter>Source Files</Filter>
    </ClCompile>
    <ClCompile Include="src\TestBxDF.cpp">
      <Filter>Source Files</Filter>
    </ClCompile>
    <ClCompile Include="src\TestSTBN.cpp">
      <Filter>Source Files</Filter>
    </ClCompile>
    <ClCompile Include="src\TestSTL.cpp">
      <Filter>Source Files</Filter>
    </ClCompile>
    <ClCompile Include="src\TestPBRTParser.cpp">
      <Filter>Source Files</Filter>
    </ClCompile>
    <ClCompile Include="..\..\external\dear_imgui\imgui-1.89.3\imgui.cpp">
      <Filter>Source Files</Filter>
    </ClCompile>
    <ClCompile Include="..\..\external\dear_imgui\imgui-1.89.3\imgui_demo.cpp">
      <Filter>Source Files</Filter>
    </ClCompile>
    <ClCompile Include="..\..\external\dear_imgui\imgui-1.89.3\imgui_draw.cpp">
      <Filter>Source Files</Filter>
    </ClCompile>
    <ClCompile Include="..\..\external\dear_imgui\imgui-1.89.3\imgui_tables.cpp">
      <Filter>Source Files</Filter>
    </ClCompile>
    <ClCompile Include="..\..\external\dear_imgui\imgui-1.89.3\imgui_widgets.cpp">
      <Filter>Source Files</Filter>
    </ClCompile>
    <ClCompile Include="..\..\external\dear_imgui\imgui-1.89.3\backends\imgui_impl_dx12.cpp">
      <Filter>Source Files</Filter>
    </ClCompile>
    <ClCompile Include="..\..\external\dear_imgui\imgui-1.89.3\backends\imgui_impl_win32.cpp">
      <Filter>Source Files</Filter>
    </ClCompile>
    <ClCompile Include="src\TestProcessCrash.cpp">
      <Filter>Source Files</Filter>
    </ClCompile>
    <ClCompile Include="src\TestRenderDevice.cpp">
      <Filter>Source Files</Filter>
    </ClCompile>
    <ClCompile Include="..\..\external\dear_imgui\imgui-1.89.3\backends\imgui_impl_vulkan.cpp">
      <Filter>Source Files</Filter>
    </ClCompile>
  </ItemGroup>
  <ItemGroup>
    <ClInclude Include="pch.h">
      <Filter>Header Files</Filter>
    </ClInclude>
  </ItemGroup>
</Project>