<?xml version="1.0" encoding="utf-8"?>
<Project ToolsVersion="4.0" xmlns="http://schemas.microsoft.com/developer/msbuild/2003">
  <ItemGroup>
    <Filter Include="소스 파일">
      <UniqueIdentifier>{4FC737F1-C7A5-4376-A066-2A32D752A2FF}</UniqueIdentifier>
      <Extensions>cpp;c;cc;cxx;def;odl;idl;hpj;bat;asm;asmx</Extensions>
    </Filter>
    <Filter Include="헤더 파일">
      <UniqueIdentifier>{93995380-89BD-4b04-88EB-625FBE52EBFB}</UniqueIdentifier>
      <Extensions>h;hh;hpp;hxx;hm;inl;inc;ipp;xsd</Extensions>
    </Filter>
    <Filter Include="리소스 파일">
      <UniqueIdentifier>{67DA6AB6-F800-4c08-8B7A-83BB121AAD01}</UniqueIdentifier>
      <Extensions>rc;ico;cur;bmp;dlg;rc2;rct;bin;rgs;gif;jpg;jpeg;jpe;resx;tiff;tif;png;wav;mfcribbon-ms</Extensions>
    </Filter>
  </ItemGroup>
  <ItemGroup>
    <ClInclude Include="src\memory\mem_alloc.h">
      <Filter>헤더 파일</Filter>
    </ClInclude>
    <ClInclude Include="src\core\engine.h">
      <Filter>헤더 파일</Filter>
    </ClInclude>
    <ClInclude Include="src\core\assertion.h">
      <Filter>헤더 파일</Filter>
    </ClInclude>
    <ClInclude Include="src\rhi\render_device.h">
      <Filter>헤더 파일</Filter>
    </ClInclude>
    <ClInclude Include="src\util\profiling.h">
      <Filter>헤더 파일</Filter>
    </ClInclude>
    <ClInclude Include="src\rhi\dx12\d3d_device.h">
      <Filter>헤더 파일</Filter>
    </ClInclude>
    <ClInclude Include="src\rhi\vulkan\vk_device.h">
      <Filter>헤더 파일</Filter>
    </ClInclude>
    <ClInclude Include="src\rhi\dx12\d3d_util.h">
      <Filter>헤더 파일</Filter>
    </ClInclude>
    <ClInclude Include="src\world\scene.h">
      <Filter>헤더 파일</Filter>
    </ClInclude>
    <ClInclude Include="src\render\renderer.h">
      <Filter>헤더 파일</Filter>
    </ClInclude>
    <ClInclude Include="src\render\scene_renderer.h">
      <Filter>헤더 파일</Filter>
    </ClInclude>
    <ClInclude Include="src\world\camera.h">
      <Filter>헤더 파일</Filter>
    </ClInclude>
    <ClInclude Include="src\rhi\render_command.h">
      <Filter>헤더 파일</Filter>
    </ClInclude>
    <ClInclude Include="src\rhi\dx12\d3d_render_command.h">
      <Filter>헤더 파일</Filter>
    </ClInclude>
    <ClInclude Include="src\rhi\swap_chain.h">
      <Filter>헤더 파일</Filter>
    </ClInclude>
    <ClInclude Include="src\rhi\dx12\d3d_swap_chain.h">
      <Filter>헤더 파일</Filter>
    </ClInclude>
    <ClInclude Include="src\rhi\pixel_format.h">
      <Filter>헤더 파일</Filter>
    </ClInclude>
    <ClInclude Include="src\render\static_mesh.h">
      <Filter>헤더 파일</Filter>
    </ClInclude>
    <ClInclude Include="src\rhi\gpu_resource_view.h">
      <Filter>헤더 파일</Filter>
    </ClInclude>
    <ClInclude Include="src\rhi\gpu_resource.h">
      <Filter>헤더 파일</Filter>
    </ClInclude>
    <ClInclude Include="src\rhi\dx12\d3d_resource.h">
      <Filter>헤더 파일</Filter>
    </ClInclude>
    <ClInclude Include="src\util\enum_util.h">
      <Filter>헤더 파일</Filter>
    </ClInclude>
    <ClInclude Include="src\rhi\dx12\d3d_resource_view.h">
      <Filter>헤더 파일</Filter>
    </ClInclude>
    <ClInclude Include="src\rhi\dx12\d3d_buffer.h">
      <Filter>헤더 파일</Filter>
    </ClInclude>
    <ClInclude Include="src\rhi\shader.h">
      <Filter>헤더 파일</Filter>
    </ClInclude>
    <ClInclude Include="src\rhi\dx12\d3d_shader.h">
      <Filter>헤더 파일</Filter>
    </ClInclude>
    <ClInclude Include="src\render\base_pass.h">
      <Filter>헤더 파일</Filter>
    </ClInclude>
    <ClInclude Include="src\render\render_pass.h">
      <Filter>헤더 파일</Filter>
    </ClInclude>
    <ClInclude Include="src\rhi\pipeline_state.h">
      <Filter>헤더 파일</Filter>
    </ClInclude>
    <ClInclude Include="src\rhi\dx12\d3d_pipeline_state.h">
      <Filter>헤더 파일</Filter>
    </ClInclude>
    <ClInclude Include="src\util\resource_finder.h">
      <Filter>헤더 파일</Filter>
    </ClInclude>
    <ClInclude Include="src\core\core_minimal.h">
      <Filter>헤더 파일</Filter>
    </ClInclude>
    <ClInclude Include="src\core\types.h">
      <Filter>헤더 파일</Filter>
    </ClInclude>
    <ClInclude Include="src\util\logging.h">
      <Filter>헤더 파일</Filter>
    </ClInclude>
    <ClInclude Include="src\geometry\primitive.h">
      <Filter>헤더 파일</Filter>
    </ClInclude>
    <ClInclude Include="src\core\vec3.h">
      <Filter>헤더 파일</Filter>
    </ClInclude>
    <ClInclude Include="src\core\int_types.h">
      <Filter>헤더 파일</Filter>
    </ClInclude>
    <ClInclude Include="src\core\matrix.h">
      <Filter>헤더 파일</Filter>
    </ClInclude>
    <ClInclude Include="src\core\quaternion.h">
      <Filter>헤더 파일</Filter>
    </ClInclude>
    <ClInclude Include="src\core\cymath.h">
      <Filter>헤더 파일</Filter>
    </ClInclude>
    <ClInclude Include="src\rhi\vulkan\vk_swapchain.h">
      <Filter>헤더 파일</Filter>
    </ClInclude>
    <ClInclude Include="src\rhi\vulkan\vk_shader.h">
      <Filter>헤더 파일</Filter>
    </ClInclude>
    <ClInclude Include="src\rhi\gpu_resource_binding.h">
      <Filter>헤더 파일</Filter>
    </ClInclude>
    <ClInclude Include="src\rhi\vulkan\vk_utils.h">
      <Filter>헤더 파일</Filter>
    </ClInclude>
    <ClInclude Include="src\core\critical_section.h">
      <Filter>헤더 파일</Filter>
    </ClInclude>
    <ClInclude Include="src\core\win\windows_critical_section.h">
      <Filter>헤더 파일</Filter>
    </ClInclude>
    <ClInclude Include="src\loader\image_loader.h">
      <Filter>헤더 파일</Filter>
    </ClInclude>
    <ClInclude Include="src\rhi\dx12\d3d_texture.h">
      <Filter>헤더 파일</Filter>
    </ClInclude>
    <ClInclude Include="src\rhi\texture_manager.h">
      <Filter>헤더 파일</Filter>
    </ClInclude>
    <ClInclude Include="src\render\material.h">
      <Filter>헤더 파일</Filter>
    </ClInclude>
    <ClInclude Include="src\core\application.h">
      <Filter>헤더 파일</Filter>
    </ClInclude>
    <ClInclude Include="src\core\win\windows_application.h">
      <Filter>헤더 파일</Filter>
    </ClInclude>
    <ClInclude Include="src\core\platform.h">
      <Filter>헤더 파일</Filter>
    </ClInclude>
    <ClInclude Include="src\rhi\vulkan\vk_render_command.h">
      <Filter>헤더 파일</Filter>
    </ClInclude>
    <ClInclude Include="src\rhi\vulkan\vk_texture.h">
      <Filter>헤더 파일</Filter>
    </ClInclude>
    <ClInclude Include="src\rhi\vulkan\vk_buffer.h">
      <Filter>헤더 파일</Filter>
    </ClInclude>
    <ClInclude Include="src\render\tone_mapping.h">
      <Filter>헤더 파일</Filter>
    </ClInclude>
    <ClInclude Include="src\rhi\vertex_buffer_pool.h">
      <Filter>헤더 파일</Filter>
    </ClInclude>
    <ClInclude Include="src\rhi\vulkan\vk_win32.h">
      <Filter>헤더 파일</Filter>
    </ClInclude>
    <ClInclude Include="src\render\null_renderer.h">
      <Filter>헤더 파일</Filter>
    </ClInclude>
    <ClInclude Include="src\util\string_conversion.h">
      <Filter>헤더 파일</Filter>
    </ClInclude>
    <ClInclude Include="src\rhi\vulkan\vk_resource_view.h">
      <Filter>헤더 파일</Filter>
    </ClInclude>
    <ClInclude Include="src\rhi\vulkan\vk_pipeline_state.h">
      <Filter>헤더 파일</Filter>
    </ClInclude>
    <ClInclude Include="src\rhi\vulkan\vk_into.h">
      <Filter>헤더 파일</Filter>
    </ClInclude>
    <ClInclude Include="src\rhi\vulkan\vk_descriptor.h">
      <Filter>헤더 파일</Filter>
    </ClInclude>
    <ClInclude Include="src\world\light.h">
      <Filter>헤더 파일</Filter>
    </ClInclude>
    <ClInclude Include="src\rhi\dx12\d3d_into.h">
      <Filter>헤더 파일</Filter>
    </ClInclude>
    <ClInclude Include="src\geometry\procedural.h">
      <Filter>헤더 파일</Filter>
    </ClInclude>
    <ClInclude Include="src\core\vec2.h">
      <Filter>헤더 파일</Filter>
    </ClInclude>
    <ClInclude Include="src\geometry\transform.h">
      <Filter>헤더 파일</Filter>
    </ClInclude>
    <ClInclude Include="src\render\gpu_scene.h">
      <Filter>헤더 파일</Filter>
    </ClInclude>
    <ClInclude Include="src\rhi\render_device_capabilities.h">
      <Filter>헤더 파일</Filter>
    </ClInclude>
    <ClInclude Include="src\render\raytracing\indirect_specular_pass.h">
      <Filter>헤더 파일</Filter>
    </ClInclude>
    <ClInclude Include="src\rhi\global_descriptor_heaps.h">
      <Filter>헤더 파일</Filter>
    </ClInclude>
    <ClInclude Include="src\world\gpu_resource_asset.h">
      <Filter>헤더 파일</Filter>
    </ClInclude>
    <ClInclude Include="src\memory\free_number_list.h">
      <Filter>헤더 파일</Filter>
    </ClInclude>
    <ClInclude Include="src\core\aabb.h">
      <Filter>헤더 파일</Filter>
    </ClInclude>
    <ClInclude Include="src\core\plane.h">
      <Filter>헤더 파일</Filter>
    </ClInclude>
    <ClInclude Include="src\render\gpu_culling.h">
      <Filter>헤더 파일</Filter>
    </ClInclude>
    <ClInclude Include="src\core\smart_pointer.h">
      <Filter>헤더 파일</Filter>
    </ClInclude>
    <ClInclude Include="src\render\buffer_visualization.h">
      <Filter>헤더 파일</Filter>
    </ClInclude>
    <ClInclude Include="src\loader\pbrt_loader.h">
      <Filter>헤더 파일</Filter>
    </ClInclude>
    <ClInclude Include="src\loader\ply_loader.h">
      <Filter>헤더 파일</Filter>
    </ClInclude>
    <ClInclude Include="src\render\pathtracing\path_tracing_pass.h">
      <Filter>헤더 파일</Filter>
    </ClInclude>
    <ClInclude Include="src\rhi\rhi_forward.h">
      <Filter>헤더 파일</Filter>
    </ClInclude>
    <ClInclude Include="src\rhi\gpu_resource_barrier.h">
      <Filter>헤더 파일</Filter>
    </ClInclude>
    <ClInclude Include="src\rhi\descriptor_heap.h">
      <Filter>헤더 파일</Filter>
    </ClInclude>
    <ClInclude Include="src\rhi\buffer.h">
      <Filter>헤더 파일</Filter>
    </ClInclude>
    <ClInclude Include="src\rhi\hardware_raytracing.h">
      <Filter>헤더 파일</Filter>
    </ClInclude>
    <ClInclude Include="src\rhi\texture.h">
      <Filter>헤더 파일</Filter>
    </ClInclude>
    <ClInclude Include="src\pch.h">
      <Filter>헤더 파일</Filter>
    </ClInclude>
    <ClInclude Include="src\util\unit_test.h">
      <Filter>헤더 파일</Filter>
    </ClInclude>
    <ClInclude Include="src\render\util\volatile_descriptor.h">
      <Filter>헤더 파일</Filter>
    </ClInclude>
    <ClInclude Include="src\render\renderer_options.h">
      <Filter>헤더 파일</Filter>
    </ClInclude>
    <ClInclude Include="src\rhi\rhi_policy.h">
      <Filter>헤더 파일</Filter>
    </ClInclude>
    <ClInclude Include="src\render\raytracing\ray_traced_shadows.h">
      <Filter>헤더 파일</Filter>
    </ClInclude>
    <ClInclude Include="src\render\sky_pass.h">
      <Filter>헤더 파일</Filter>
    </ClInclude>
    <ClInclude Include="src\render\raytracing\indirect_diffuse_pass.h">
      <Filter>헤더 파일</Filter>
    </ClInclude>
    <ClInclude Include="src\rhi\denoiser_device.h">
      <Filter>헤더 파일</Filter>
    </ClInclude>
  </ItemGroup>
  <ItemGroup>
    <ClCompile Include="src\memory\mem_alloc.cpp">
      <Filter>소스 파일</Filter>
    </ClCompile>
    <ClCompile Include="src\core\engine.cpp">
      <Filter>소스 파일</Filter>
    </ClCompile>
    <ClCompile Include="src\util\profiling.cpp">
      <Filter>소스 파일</Filter>
    </ClCompile>
    <ClCompile Include="src\rhi\dx12\d3d_device.cpp">
      <Filter>소스 파일</Filter>
    </ClCompile>
    <ClCompile Include="src\rhi\dx12\d3d_util.cpp">
      <Filter>소스 파일</Filter>
    </ClCompile>
    <ClCompile Include="src\render\scene_renderer.cpp">
      <Filter>소스 파일</Filter>
    </ClCompile>
    <ClCompile Include="src\rhi\dx12\d3d_swap_chain.cpp">
      <Filter>소스 파일</Filter>
    </ClCompile>
    <ClCompile Include="src\rhi\swap_chain.cpp">
      <Filter>소스 파일</Filter>
    </ClCompile>
    <ClCompile Include="src\rhi\render_device.cpp">
      <Filter>소스 파일</Filter>
    </ClCompile>
    <ClCompile Include="src\rhi\dx12\d3d_render_command.cpp">
      <Filter>소스 파일</Filter>
    </ClCompile>
    <ClCompile Include="src\rhi\render_command.cpp">
      <Filter>소스 파일</Filter>
    </ClCompile>
    <ClCompile Include="src\rhi\dx12\d3d_buffer.cpp">
      <Filter>소스 파일</Filter>
    </ClCompile>
    <ClCompile Include="src\world\scene.cpp">
      <Filter>소스 파일</Filter>
    </ClCompile>
    <ClCompile Include="src\rhi\dx12\d3d_shader.cpp">
      <Filter>소스 파일</Filter>
    </ClCompile>
    <ClCompile Include="src\util\resource_finder.cpp">
      <Filter>소스 파일</Filter>
    </ClCompile>
    <ClCompile Include="src\render\static_mesh.cpp">
      <Filter>소스 파일</Filter>
    </ClCompile>
    <ClCompile Include="src\geometry\primitive.cpp">
      <Filter>소스 파일</Filter>
    </ClCompile>
    <ClCompile Include="src\core\matrix.cpp">
      <Filter>소스 파일</Filter>
    </ClCompile>
    <ClCompile Include="src\world\camera.cpp">
      <Filter>소스 파일</Filter>
    </ClCompile>
    <ClCompile Include="src\rhi\vulkan\vk_device.cpp">
      <Filter>소스 파일</Filter>
    </ClCompile>
    <ClCompile Include="src\render\base_pass.cpp">
      <Filter>소스 파일</Filter>
    </ClCompile>
    <ClCompile Include="src\rhi\vulkan\vk_shader.cpp">
      <Filter>소스 파일</Filter>
    </ClCompile>
    <ClCompile Include="src\rhi\vulkan\vk_utils.cpp">
      <Filter>소스 파일</Filter>
    </ClCompile>
    <ClCompile Include="src\rhi\vulkan\vk_swapchain.cpp">
      <Filter>소스 파일</Filter>
    </ClCompile>
    <ClCompile Include="src\core\critical_section.cpp">
      <Filter>소스 파일</Filter>
    </ClCompile>
    <ClCompile Include="src\core\win\windows_critical_section.cpp">
      <Filter>소스 파일</Filter>
    </ClCompile>
    <ClCompile Include="src\loader\image_loader.cpp">
      <Filter>소스 파일</Filter>
    </ClCompile>
    <ClCompile Include="src\rhi\dx12\d3d_texture.cpp">
      <Filter>소스 파일</Filter>
    </ClCompile>
    <ClCompile Include="src\rhi\texture_manager.cpp">
      <Filter>소스 파일</Filter>
    </ClCompile>
    <ClCompile Include="src\core\win\windows_application.cpp">
      <Filter>소스 파일</Filter>
    </ClCompile>
    <ClCompile Include="src\util\logging.cpp">
      <Filter>소스 파일</Filter>
    </ClCompile>
    <ClCompile Include="src\render\tone_mapping.cpp">
      <Filter>소스 파일</Filter>
    </ClCompile>
    <ClCompile Include="src\rhi\vertex_buffer_pool.cpp">
      <Filter>소스 파일</Filter>
    </ClCompile>
    <ClCompile Include="src\rhi\vulkan\vk_win32.cpp">
      <Filter>소스 파일</Filter>
    </ClCompile>
    <ClCompile Include="src\rhi\vulkan\vk_render_command.cpp">
      <Filter>소스 파일</Filter>
    </ClCompile>
    <ClCompile Include="src\render\null_renderer.cpp">
      <Filter>소스 파일</Filter>
    </ClCompile>
    <ClCompile Include="src\util\string_conversion.cpp">
      <Filter>소스 파일</Filter>
    </ClCompile>
    <ClCompile Include="src\rhi\vulkan\vk_texture.cpp">
      <Filter>소스 파일</Filter>
    </ClCompile>
    <ClCompile Include="src\rhi\vulkan\vk_buffer.cpp">
      <Filter>소스 파일</Filter>
    </ClCompile>
    <ClCompile Include="src\rhi\dx12\d3d_resource.cpp">
      <Filter>소스 파일</Filter>
    </ClCompile>
    <ClCompile Include="src\rhi\dx12\d3d_resource_view.cpp">
      <Filter>소스 파일</Filter>
    </ClCompile>
    <ClCompile Include="src\rhi\dx12\d3d_into.cpp">
      <Filter>소스 파일</Filter>
    </ClCompile>
    <ClCompile Include="src\geometry\procedural.cpp">
      <Filter>소스 파일</Filter>
    </ClCompile>
    <ClCompile Include="src\geometry\transform.cpp">
      <Filter>소스 파일</Filter>
    </ClCompile>
    <ClCompile Include="src\render\gpu_scene.cpp">
      <Filter>소스 파일</Filter>
    </ClCompile>
    <ClCompile Include="src\render\raytracing\indirect_specular_pass.cpp">
      <Filter>소스 파일</Filter>
    </ClCompile>
    <ClCompile Include="src\rhi\global_descriptor_heaps.cpp">
      <Filter>소스 파일</Filter>
    </ClCompile>
    <ClCompile Include="src\rhi\dx12\d3d_pipeline_state.cpp">
      <Filter>소스 파일</Filter>
    </ClCompile>
    <ClCompile Include="src\render\gpu_culling.cpp">
      <Filter>소스 파일</Filter>
    </ClCompile>
    <ClCompile Include="src\render\buffer_visualization.cpp">
      <Filter>소스 파일</Filter>
    </ClCompile>
    <ClCompile Include="src\loader\pbrt_loader.cpp">
      <Filter>소스 파일</Filter>
    </ClCompile>
    <ClCompile Include="src\loader\ply_loader.cpp">
      <Filter>소스 파일</Filter>
    </ClCompile>
    <ClCompile Include="src\render\pathtracing\path_tracing_pass.cpp">
      <Filter>소스 파일</Filter>
    </ClCompile>
    <ClCompile Include="src\rhi\vulkan\vk_resource_view.cpp">
      <Filter>소스 파일</Filter>
    </ClCompile>
    <ClCompile Include="src\rhi\gpu_resource_view.cpp">
      <Filter>소스 파일</Filter>
    </ClCompile>
    <ClCompile Include="src\pch.cpp">
      <Filter>소스 파일</Filter>
    </ClCompile>
    <ClCompile Include="src\util\unit_test.cpp">
      <Filter>소스 파일</Filter>
    </ClCompile>
    <ClCompile Include="src\render\util\volatile_descriptor.cpp">
      <Filter>소스 파일</Filter>
    </ClCompile>
    <ClCompile Include="src\render\raytracing\ray_traced_shadows.cpp">
      <Filter>소스 파일</Filter>
    </ClCompile>
    <ClCompile Include="src\render\sky_pass.cpp">
      <Filter>소스 파일</Filter>
    </ClCompile>
    <ClCompile Include="src\render\raytracing\indirect_diffuse_pass.cpp">
      <Filter>소스 파일</Filter>
    </ClCompile>
    <ClCompile Include="src\rhi\denoiser_device.cpp">
      <Filter>소스 파일</Filter>
    </ClCompile>
  </ItemGroup>
  <ItemGroup>
    <None Include="packages.config" />
  </ItemGroup>
</Project>