<?xml version="1.0" encoding="utf-8"?>
<Project ToolsVersion="4.0" xmlns="http://schemas.microsoft.com/developer/msbuild/2003">
  <ItemGroup>
    <FxCompile Include="..\..\shaders\base_pass.hlsl" />
    <FxCompile Include="..\..\shaders\tone_mapping.hlsl" />
    <FxCompile Include="..\..\shaders\common.hlsl" />
    <FxCompile Include="..\..\shaders\gpu_scene.hlsl" />
    <FxCompile Include="..\..\shaders\rt_reflection.hlsl" />
    <FxCompile Include="..\..\shaders\gpu_culling.hlsl" />
    <FxCompile Include="..\..\shaders\buffer_visualization.hlsl" />
    <FxCompile Include="..\..\shaders\path_tracing.hlsl" />
  </ItemGroup>
</Project>