<?xml version="1.0" encoding="utf-8"?>
<Project ToolsVersion="4.0" xmlns="http://schemas.microsoft.com/developer/msbuild/2003">
  <ItemGroup>
    <FxCompile Include="..\..\shaders\base_pass.hlsl" />
    <FxCompile Include="..\..\shaders\tone_mapping.hlsl" />
    <FxCompile Include="..\..\shaders\common.hlsl" />
    <FxCompile Include="..\..\shaders\gpu_scene.hlsl" />
    <FxCompile Include="..\..\shaders\indirect_specular_reflection.hlsl" />
    <FxCompile Include="..\..\shaders\gpu_culling.hlsl" />
    <FxCompile Include="..\..\shaders\buffer_visualization.hlsl" />
    <FxCompile Include="..\..\shaders\path_tracing.hlsl" />
    <FxCompile Include="..\..\shaders\bsdf.hlsl" />
    <FxCompile Include="..\..\shaders\bilateral_blur.hlsl" />
    <FxCompile Include="..\..\shaders\ray_traced_shadows.hlsl" />
    <FxCompile Include="..\..\shaders\sky_pass.hlsl" />
    <FxCompile Include="..\..\shaders\material.hlsl" />
    <FxCompile Include="..\..\shaders\blit_denoiser_input.hlsl" />
    <FxCompile Include="..\..\shaders\raytracing_common.hlsl" />
    <FxCompile Include="..\..\shaders\indirect_diffuse_raytracing.hlsl" />
    <FxCompile Include="..\..\shaders\indirect_diffuse_temporal.hlsl" />
    <FxCompile Include="..\..\shaders\path_tracing_temporal.hlsl" />
    <FxCompile Include="..\..\shaders\indirect_specular_temporal.hlsl" />
    <FxCompile Include="..\..\shaders\amd\ffx_denoiser_reproject_reflections_pass.hlsl">
      <Filter>amd</Filter>
    </FxCompile>
    <FxCompile Include="..\..\shaders\hiz.hlsl" />
    <FxCompile Include="..\..\shaders\indirect_specular_classifier.hlsl" />
    <FxCompile Include="..\..\shaders\store_history.hlsl" />
    <FxCompile Include="..\..\shaders\amd\ffx_denoiser_prefilter_reflections_pass.hlsl">
      <Filter>amd</Filter>
    </FxCompile>
    <FxCompile Include="..\..\shaders\amd\ffx_denoiser_resolve_temporal_reflections_pass.hlsl">
      <Filter>amd</Filter>
    </FxCompile>
    <FxCompile Include="..\..\shaders\indirect_specular_amd_temp_finalize.hlsl" />
    <FxCompile Include="..\..\shaders\decode_vis_buffer.hlsl" />
    <FxCompile Include="..\..\shaders\amd\ffx_frameinterpolation_compute_game_vector_field_inpainting_pyramid_pass.hlsl">
      <Filter>amd</Filter>
    </FxCompile>
    <FxCompile Include="..\..\shaders\amd\ffx_frameinterpolation_compute_inpainting_pyramid_pass.hlsl">
      <Filter>amd</Filter>
    </FxCompile>
    <FxCompile Include="..\..\shaders\amd\ffx_frameinterpolation_debug_view_pass.hlsl">
      <Filter>amd</Filter>
    </FxCompile>
    <FxCompile Include="..\..\shaders\amd\ffx_frameinterpolation_disocclusion_mask_pass.hlsl">
      <Filter>amd</Filter>
    </FxCompile>
    <FxCompile Include="..\..\shaders\amd\ffx_frameinterpolation_game_motion_vector_field_pass.hlsl">
      <Filter>amd</Filter>
    </FxCompile>
    <FxCompile Include="..\..\shaders\amd\ffx_frameinterpolation_inpainting_pass.hlsl">
      <Filter>amd</Filter>
    </FxCompile>
    <FxCompile Include="..\..\shaders\amd\ffx_frameinterpolation_optical_flow_vector_field_pass.hlsl">
      <Filter>amd</Filter>
    </FxCompile>
    <FxCompile Include="..\..\shaders\amd\ffx_frameinterpolation_pass.hlsl">
      <Filter>amd</Filter>
    </FxCompile>
    <FxCompile Include="..\..\shaders\amd\ffx_frameinterpolation_reconstruct_and_dilate_pass.hlsl">
      <Filter>amd</Filter>
    </FxCompile>
    <FxCompile Include="..\..\shaders\amd\ffx_frameinterpolation_reconstruct_previous_depth_pass.hlsl">
      <Filter>amd</Filter>
    </FxCompile>
    <FxCompile Include="..\..\shaders\amd\ffx_frameinterpolation_setup_pass.hlsl">
      <Filter>amd</Filter>
    </FxCompile>
  </ItemGroup>
  <ItemGroup>
    <Filter Include="amd">
      <UniqueIdentifier>{2457741d-f34d-42be-8724-5463608f243b}</UniqueIdentifier>
    </Filter>
    <Filter Include="amd\denoiser">
      <UniqueIdentifier>{1410f651-5b78-48f0-93a3-a49bd3bdd3c0}</UniqueIdentifier>
    </Filter>
    <Filter Include="amd\frameinterpolation">
      <UniqueIdentifier>{c3177977-771d-4282-ad0f-f3dc9cec6b84}</UniqueIdentifier>
    </Filter>
  </ItemGroup>
  <ItemGroup>
    <ClInclude Include="..\..\shaders\amd\denoiser\ffx_denoiser_reflections_callbacks_hlsl.h">
      <Filter>amd\denoiser</Filter>
    </ClInclude>
    <ClInclude Include="..\..\shaders\amd\denoiser\ffx_denoiser_reflections_common.h">
      <Filter>amd\denoiser</Filter>
    </ClInclude>
    <ClInclude Include="..\..\shaders\amd\denoiser\ffx_denoiser_reflections_config.h">
      <Filter>amd\denoiser</Filter>
    </ClInclude>
    <ClInclude Include="..\..\shaders\amd\denoiser\ffx_denoiser_reflections_reproject.h">
      <Filter>amd\denoiser</Filter>
    </ClInclude>
    <ClInclude Include="..\..\shaders\amd\denoiser\ffx_denoiser_resources.h">
      <Filter>amd\denoiser</Filter>
    </ClInclude>
    <ClInclude Include="..\..\shaders\amd\ffx_common_types.h">
      <Filter>amd</Filter>
    </ClInclude>
    <ClInclude Include="..\..\shaders\amd\ffx_core.h">
      <Filter>amd</Filter>
    </ClInclude>
    <ClInclude Include="..\..\shaders\amd\ffx_core_gpu_common.h">
      <Filter>amd</Filter>
    </ClInclude>
    <ClInclude Include="..\..\shaders\amd\ffx_core_gpu_common_half.h">
      <Filter>amd</Filter>
    </ClInclude>
    <ClInclude Include="..\..\shaders\amd\ffx_core_hlsl.h">
      <Filter>amd</Filter>
    </ClInclude>
    <ClInclude Include="..\..\shaders\amd\denoiser\ffx_denoiser_reflections_prefilter.h">
      <Filter>amd\denoiser</Filter>
    </ClInclude>
    <ClInclude Include="..\..\shaders\amd\denoiser\ffx_denoiser_reflections_resolve_temporal.h">
      <Filter>amd\denoiser</Filter>
    </ClInclude>
    <ClInclude Include="..\..\shaders\amd\frameinterpolation\ffx_frameinterpolation.h">
      <Filter>amd\frameinterpolation</Filter>
    </ClInclude>
    <ClInclude Include="..\..\shaders\amd\frameinterpolation\ffx_frameinterpolation_callbacks_glsl.h">
      <Filter>amd\frameinterpolation</Filter>
    </ClInclude>
    <ClInclude Include="..\..\shaders\amd\frameinterpolation\ffx_frameinterpolation_callbacks_hlsl.h">
      <Filter>amd\frameinterpolation</Filter>
    </ClInclude>
    <ClInclude Include="..\..\shaders\amd\frameinterpolation\ffx_frameinterpolation_common.h">
      <Filter>amd\frameinterpolation</Filter>
    </ClInclude>
    <ClInclude Include="..\..\shaders\amd\frameinterpolation\ffx_frameinterpolation_compute_game_vector_field_inpainting_pyramid.h">
      <Filter>amd\frameinterpolation</Filter>
    </ClInclude>
    <ClInclude Include="..\..\shaders\amd\frameinterpolation\ffx_frameinterpolation_compute_inpainting_pyramid.h">
      <Filter>amd\frameinterpolation</Filter>
    </ClInclude>
    <ClInclude Include="..\..\shaders\amd\frameinterpolation\ffx_frameinterpolation_debug_view.h">
      <Filter>amd\frameinterpolation</Filter>
    </ClInclude>
    <ClInclude Include="..\..\shaders\amd\frameinterpolation\ffx_frameinterpolation_disocclusion_mask.h">
      <Filter>amd\frameinterpolation</Filter>
    </ClInclude>
    <ClInclude Include="..\..\shaders\amd\frameinterpolation\ffx_frameinterpolation_game_motion_vector_field.h">
      <Filter>amd\frameinterpolation</Filter>
    </ClInclude>
    <ClInclude Include="..\..\shaders\amd\frameinterpolation\ffx_frameinterpolation_inpainting.h">
      <Filter>amd\frameinterpolation</Filter>
    </ClInclude>
    <ClInclude Include="..\..\shaders\amd\frameinterpolation\ffx_frameinterpolation_optical_flow_vector_field.h">
      <Filter>amd\frameinterpolation</Filter>
    </ClInclude>
    <ClInclude Include="..\..\shaders\amd\frameinterpolation\ffx_frameinterpolation_reconstruct_dilated_velocity_and_previous_depth.h">
      <Filter>amd\frameinterpolation</Filter>
    </ClInclude>
    <ClInclude Include="..\..\shaders\amd\frameinterpolation\ffx_frameinterpolation_reconstruct_previous_depth.h">
      <Filter>amd\frameinterpolation</Filter>
    </ClInclude>
    <ClInclude Include="..\..\shaders\amd\frameinterpolation\ffx_frameinterpolation_resources.h">
      <Filter>amd\frameinterpolation</Filter>
    </ClInclude>
    <ClInclude Include="..\..\shaders\amd\frameinterpolation\ffx_frameinterpolation_setup.h">
      <Filter>amd\frameinterpolation</Filter>
    </ClInclude>
  </ItemGroup>
</Project>