<?xml version="1.0" encoding="utf-8"?>
<Project ToolsVersion="4.0" xmlns="http://schemas.microsoft.com/developer/msbuild/2003">
  <ItemGroup>
    <FxCompile Include="..\..\shaders\base_pass.hlsl" />
    <FxCompile Include="..\..\shaders\tone_mapping.hlsl" />
    <FxCompile Include="..\..\shaders\common.hlsl" />
    <FxCompile Include="..\..\shaders\gpu_scene.hlsl" />
    <FxCompile Include="..\..\shaders\indirect_specular_reflection.hlsl" />
    <FxCompile Include="..\..\shaders\gpu_culling.hlsl" />
    <FxCompile Include="..\..\shaders\buffer_visualization.hlsl" />
    <FxCompile Include="..\..\shaders\path_tracing.hlsl" />
    <FxCompile Include="..\..\shaders\bsdf.hlsl" />
    <FxCompile Include="..\..\shaders\bilateral_blur.hlsl" />
    <FxCompile Include="..\..\shaders\ray_traced_shadows.hlsl" />
    <FxCompile Include="..\..\shaders\sky_pass.hlsl" />
    <FxCompile Include="..\..\shaders\material.hlsl" />
    <FxCompile Include="..\..\shaders\blit_denoiser_input.hlsl" />
    <FxCompile Include="..\..\shaders\raytracing_common.hlsl" />
    <FxCompile Include="..\..\shaders\indirect_diffuse_raytracing.hlsl" />
    <FxCompile Include="..\..\shaders\indirect_diffuse_temporal.hlsl" />
    <FxCompile Include="..\..\shaders\path_tracing_temporal.hlsl" />
    <FxCompile Include="..\..\shaders\indirect_specular_temporal.hlsl" />
    <FxCompile Include="..\..\shaders\amd\ffx_denoiser_reproject_reflections_pass.hlsl">
      <Filter>amd</Filter>
    </FxCompile>
    <FxCompile Include="..\..\shaders\hiz.hlsl" />
    <FxCompile Include="..\..\shaders\indirect_specular_classifier.hlsl" />
    <FxCompile Include="..\..\shaders\store_history.hlsl" />
    <FxCompile Include="..\..\shaders\amd\ffx_denoiser_prefilter_reflections_pass.hlsl">
      <Filter>amd</Filter>
    </FxCompile>
    <FxCompile Include="..\..\shaders\amd\ffx_denoiser_resolve_temporal_reflections_pass.hlsl">
      <Filter>amd</Filter>
    </FxCompile>
  </ItemGroup>
  <ItemGroup>
    <Filter Include="amd">
      <UniqueIdentifier>{2457741d-f34d-42be-8724-5463608f243b}</UniqueIdentifier>
    </Filter>
    <Filter Include="amd\denoiser">
      <UniqueIdentifier>{1410f651-5b78-48f0-93a3-a49bd3bdd3c0}</UniqueIdentifier>
    </Filter>
  </ItemGroup>
  <ItemGroup>
    <ClInclude Include="..\..\shaders\amd\denoiser\ffx_denoiser_reflections_callbacks_hlsl.h">
      <Filter>amd\denoiser</Filter>
    </ClInclude>
    <ClInclude Include="..\..\shaders\amd\denoiser\ffx_denoiser_reflections_common.h">
      <Filter>amd\denoiser</Filter>
    </ClInclude>
    <ClInclude Include="..\..\shaders\amd\denoiser\ffx_denoiser_reflections_config.h">
      <Filter>amd\denoiser</Filter>
    </ClInclude>
    <ClInclude Include="..\..\shaders\amd\denoiser\ffx_denoiser_reflections_reproject.h">
      <Filter>amd\denoiser</Filter>
    </ClInclude>
    <ClInclude Include="..\..\shaders\amd\denoiser\ffx_denoiser_resources.h">
      <Filter>amd\denoiser</Filter>
    </ClInclude>
    <ClInclude Include="..\..\shaders\amd\ffx_common_types.h">
      <Filter>amd</Filter>
    </ClInclude>
    <ClInclude Include="..\..\shaders\amd\ffx_core.h">
      <Filter>amd</Filter>
    </ClInclude>
    <ClInclude Include="..\..\shaders\amd\ffx_core_gpu_common.h">
      <Filter>amd</Filter>
    </ClInclude>
    <ClInclude Include="..\..\shaders\amd\ffx_core_gpu_common_half.h">
      <Filter>amd</Filter>
    </ClInclude>
    <ClInclude Include="..\..\shaders\amd\ffx_core_hlsl.h">
      <Filter>amd</Filter>
    </ClInclude>
    <ClInclude Include="..\..\shaders\amd\denoiser\ffx_denoiser_reflections_prefilter.h">
      <Filter>amd\denoiser</Filter>
    </ClInclude>
    <ClInclude Include="..\..\shaders\amd\denoiser\ffx_denoiser_reflections_resolve_temporal.h">
      <Filter>amd\denoiser</Filter>
    </ClInclude>
  </ItemGroup>
</Project>